
Microsoft Visual Studio Solution File, Format Version 12.00
# Visual Studio Version 17
VisualStudioVersion = 17.6.33815.320
MinimumVisualStudioVersion = 10.0.40219.1
Project("{FAE04EC0-301F-11D3-BF4B-00C04F79EFBC}") = "AspNetCoreApi", "AspNetCoreApi\AspNetCoreApi.csproj", "{9C400C9D-D1A9-4441-93F5-15B0C2019259}"
EndProject
Global
	GlobalSection(SolutionConfigurationPlatforms) = preSolution
		Debug|Any CPU = Debug|Any CPU
		Release|Any CPU = Release|Any CPU
	EndGlobalSection
	GlobalSection(ProjectConfigurationPlatforms) = postSolution
		{9C400C9D-D1A9-4441-93F5-15B0C2019259}.Debug|Any CPU.ActiveCfg = Debug|Any CPU
		{9C400C9D-D1A9-4441-93F5-15B0C2019259}.Debug|Any CPU.Build.0 = Debug|Any CPU
		{9C400C9D-D1A9-4441-93F5-15B0C2019259}.Release|Any CPU.ActiveCfg = Release|Any CPU
		{9C400C9D-D1A9-4441-93F5-15B0C2019259}.Release|Any CPU.Build.0 = Release|Any CPU
	EndGlobalSection
	GlobalSection(SolutionProperties) = preSolution
		HideSolutionNode = FALSE
	EndGlobalSection
	GlobalSection(ExtensibilityGlobals) = postSolution
		SolutionGuid = {6F3AAB6C-2D15-4A05-BF64-5B8A9292DC51}
	EndGlobalSection
EndGlobal
