
Microsoft Visual Studio Solution File, Format Version 12.00
# Visual Studio Version 17
VisualStudioVersion = 17.6.33815.320
MinimumVisualStudioVersion = 10.0.40219.1
Project("{9A19103F-16F7-4668-BE54-9A1E7A4F7556}") = "AspNetCoreApi", "AspNetCoreApi\AspNetCoreApi.csproj", "{9C400C9D-D1A9-4441-93F5-15B0C2019259}"
EndProject
Project("{2150E333-8FDC-42A3-9474-1A3956D46DE8}") = "Domain", "Domain", "{0ECFD51E-4B50-4FB4-94D8-A735E9A7AFB5}"
EndProject
Project("{9A19103F-16F7-4668-BE54-9A1E7A4F7556}") = "WebApi.Domain", "WebApi.Domain\WebApi.Domain.csproj", "{EAEA4900-80BB-4277-866C-FA91A3AC73F3}"
EndProject
Project("{FAE04EC0-301F-11D3-BF4B-00C04F79EFBC}") = "WebApi.Domain.Core", "WebApi.Domain.Core\WebApi.Domain.Core.csproj", "{D2AF85D4-E010-416A-AC3A-4AEFDB7B170F}"
EndProject
Project("{FAE04EC0-301F-11D3-BF4B-00C04F79EFBC}") = "WebApi.Domain.Services", "WebApi.Domain.Services\WebApi.Domain.Services.csproj", "{272DF7F0-BC18-4B2D-B281-0C3A17AF7795}"
EndProject
Project("{2150E333-8FDC-42A3-9474-1A3956D46DE8}") = "Application", "Application", "{6EA76ADC-8EA0-46B9-8E35-CFAD5B179BB7}"
EndProject
Project("{FAE04EC0-301F-11D3-BF4B-00C04F79EFBC}") = "WebApi.application", "WebApi.application\WebApi.application.csproj", "{E48BA2EE-3EFE-4D4C-8C2B-C06123944D39}"
EndProject
Project("{FAE04EC0-301F-11D3-BF4B-00C04F79EFBC}") = "WebApi.application.Dto", "WebApi.application.Dto\WebApi.application.Dto.csproj", "{D05382DD-857C-47FD-9918-766C07CBD7BF}"
EndProject
Project("{2150E333-8FDC-42A3-9474-1A3956D46DE8}") = "Infrastructure", "Infrastructure", "{5582B1F0-2D52-4B10-86F3-822E9E8689A4}"
EndProject
Project("{FAE04EC0-301F-11D3-BF4B-00C04F79EFBC}") = "WebApi.Infrastructure.CrossCutting.Adapter", "WebApi.Infrastructure.CrossCutting.Adapter\WebApi.Infrastructure.CrossCutting.Adapter.csproj", "{8FC5FD96-A0FC-4571-A120-68FA6188A42E}"
EndProject
Project("{FAE04EC0-301F-11D3-BF4B-00C04F79EFBC}") = "WebApi.Infrastructure.CrossCutting.IoC", "WebApi.Infrastructure.CrossCutting.IoC\WebApi.Infrastructure.CrossCutting.IoC.csproj", "{5FFD56BE-9EB8-4735-9B2E-D09A983CFC77}"
EndProject
Project("{FAE04EC0-301F-11D3-BF4B-00C04F79EFBC}") = "WebApi.Infrastructure.Repository", "WebApi.Infrastructure.Repository\WebApi.Infrastructure.Repository.csproj", "{64F13169-D673-4B84-A2E4-B4A55D5B1BCF}"
EndProject
Project("{FAE04EC0-301F-11D3-BF4B-00C04F79EFBC}") = "WebApi.Infrastructure.Data", "WebApi.Infrastructure.Data\WebApi.Infrastructure.Data.csproj", "{7D57CC5E-9419-46FC-B3C1-C884FC3D94F5}"
EndProject
Global
	GlobalSection(SolutionConfigurationPlatforms) = preSolution
		Debug|Any CPU = Debug|Any CPU
		Release|Any CPU = Release|Any CPU
	EndGlobalSection
	GlobalSection(ProjectConfigurationPlatforms) = postSolution
		{9C400C9D-D1A9-4441-93F5-15B0C2019259}.Debug|Any CPU.ActiveCfg = Debug|Any CPU
		{9C400C9D-D1A9-4441-93F5-15B0C2019259}.Debug|Any CPU.Build.0 = Debug|Any CPU
		{9C400C9D-D1A9-4441-93F5-15B0C2019259}.Release|Any CPU.ActiveCfg = Release|Any CPU
		{9C400C9D-D1A9-4441-93F5-15B0C2019259}.Release|Any CPU.Build.0 = Release|Any CPU
		{EAEA4900-80BB-4277-866C-FA91A3AC73F3}.Debug|Any CPU.ActiveCfg = Debug|Any CPU
		{EAEA4900-80BB-4277-866C-FA91A3AC73F3}.Debug|Any CPU.Build.0 = Debug|Any CPU
		{EAEA4900-80BB-4277-866C-FA91A3AC73F3}.Release|Any CPU.ActiveCfg = Release|Any CPU
		{EAEA4900-80BB-4277-866C-FA91A3AC73F3}.Release|Any CPU.Build.0 = Release|Any CPU
		{D2AF85D4-E010-416A-AC3A-4AEFDB7B170F}.Debug|Any CPU.ActiveCfg = Debug|Any CPU
		{D2AF85D4-E010-416A-AC3A-4AEFDB7B170F}.Debug|Any CPU.Build.0 = Debug|Any CPU
		{D2AF85D4-E010-416A-AC3A-4AEFDB7B170F}.Release|Any CPU.ActiveCfg = Release|Any CPU
		{D2AF85D4-E010-416A-AC3A-4AEFDB7B170F}.Release|Any CPU.Build.0 = Release|Any CPU
		{272DF7F0-BC18-4B2D-B281-0C3A17AF7795}.Debug|Any CPU.ActiveCfg = Debug|Any CPU
		{272DF7F0-BC18-4B2D-B281-0C3A17AF7795}.Debug|Any CPU.Build.0 = Debug|Any CPU
		{272DF7F0-BC18-4B2D-B281-0C3A17AF7795}.Release|Any CPU.ActiveCfg = Release|Any CPU
		{272DF7F0-BC18-4B2D-B281-0C3A17AF7795}.Release|Any CPU.Build.0 = Release|Any CPU
		{E48BA2EE-3EFE-4D4C-8C2B-C06123944D39}.Debug|Any CPU.ActiveCfg = Debug|Any CPU
		{E48BA2EE-3EFE-4D4C-8C2B-C06123944D39}.Debug|Any CPU.Build.0 = Debug|Any CPU
		{E48BA2EE-3EFE-4D4C-8C2B-C06123944D39}.Release|Any CPU.ActiveCfg = Release|Any CPU
		{E48BA2EE-3EFE-4D4C-8C2B-C06123944D39}.Release|Any CPU.Build.0 = Release|Any CPU
		{D05382DD-857C-47FD-9918-766C07CBD7BF}.Debug|Any CPU.ActiveCfg = Debug|Any CPU
		{D05382DD-857C-47FD-9918-766C07CBD7BF}.Debug|Any CPU.Build.0 = Debug|Any CPU
		{D05382DD-857C-47FD-9918-766C07CBD7BF}.Release|Any CPU.ActiveCfg = Release|Any CPU
		{D05382DD-857C-47FD-9918-766C07CBD7BF}.Release|Any CPU.Build.0 = Release|Any CPU
		{8FC5FD96-A0FC-4571-A120-68FA6188A42E}.Debug|Any CPU.ActiveCfg = Debug|Any CPU
		{8FC5FD96-A0FC-4571-A120-68FA6188A42E}.Debug|Any CPU.Build.0 = Debug|Any CPU
		{8FC5FD96-A0FC-4571-A120-68FA6188A42E}.Release|Any CPU.ActiveCfg = Release|Any CPU
		{8FC5FD96-A0FC-4571-A120-68FA6188A42E}.Release|Any CPU.Build.0 = Release|Any CPU
		{5FFD56BE-9EB8-4735-9B2E-D09A983CFC77}.Debug|Any CPU.ActiveCfg = Debug|Any CPU
		{5FFD56BE-9EB8-4735-9B2E-D09A983CFC77}.Debug|Any CPU.Build.0 = Debug|Any CPU
		{5FFD56BE-9EB8-4735-9B2E-D09A983CFC77}.Release|Any CPU.ActiveCfg = Release|Any CPU
		{5FFD56BE-9EB8-4735-9B2E-D09A983CFC77}.Release|Any CPU.Build.0 = Release|Any CPU
		{64F13169-D673-4B84-A2E4-B4A55D5B1BCF}.Debug|Any CPU.ActiveCfg = Debug|Any CPU
		{64F13169-D673-4B84-A2E4-B4A55D5B1BCF}.Debug|Any CPU.Build.0 = Debug|Any CPU
		{64F13169-D673-4B84-A2E4-B4A55D5B1BCF}.Release|Any CPU.ActiveCfg = Release|Any CPU
		{64F13169-D673-4B84-A2E4-B4A55D5B1BCF}.Release|Any CPU.Build.0 = Release|Any CPU
		{7D57CC5E-9419-46FC-B3C1-C884FC3D94F5}.Debug|Any CPU.ActiveCfg = Debug|Any CPU
		{7D57CC5E-9419-46FC-B3C1-C884FC3D94F5}.Debug|Any CPU.Build.0 = Debug|Any CPU
		{7D57CC5E-9419-46FC-B3C1-C884FC3D94F5}.Release|Any CPU.ActiveCfg = Release|Any CPU
		{7D57CC5E-9419-46FC-B3C1-C884FC3D94F5}.Release|Any CPU.Build.0 = Release|Any CPU
	EndGlobalSection
	GlobalSection(SolutionProperties) = preSolution
		HideSolutionNode = FALSE
	EndGlobalSection
	GlobalSection(NestedProjects) = preSolution
		{EAEA4900-80BB-4277-866C-FA91A3AC73F3} = {0ECFD51E-4B50-4FB4-94D8-A735E9A7AFB5}
		{D2AF85D4-E010-416A-AC3A-4AEFDB7B170F} = {0ECFD51E-4B50-4FB4-94D8-A735E9A7AFB5}
		{272DF7F0-BC18-4B2D-B281-0C3A17AF7795} = {0ECFD51E-4B50-4FB4-94D8-A735E9A7AFB5}
		{E48BA2EE-3EFE-4D4C-8C2B-C06123944D39} = {6EA76ADC-8EA0-46B9-8E35-CFAD5B179BB7}
		{D05382DD-857C-47FD-9918-766C07CBD7BF} = {6EA76ADC-8EA0-46B9-8E35-CFAD5B179BB7}
		{8FC5FD96-A0FC-4571-A120-68FA6188A42E} = {5582B1F0-2D52-4B10-86F3-822E9E8689A4}
		{5FFD56BE-9EB8-4735-9B2E-D09A983CFC77} = {5582B1F0-2D52-4B10-86F3-822E9E8689A4}
		{64F13169-D673-4B84-A2E4-B4A55D5B1BCF} = {5582B1F0-2D52-4B10-86F3-822E9E8689A4}
		{7D57CC5E-9419-46FC-B3C1-C884FC3D94F5} = {5582B1F0-2D52-4B10-86F3-822E9E8689A4}
	EndGlobalSection
	GlobalSection(ExtensibilityGlobals) = postSolution
		SolutionGuid = {6F3AAB6C-2D15-4A05-BF64-5B8A9292DC51}
	EndGlobalSection
EndGlobal
